{
  "requires": true,
  "lockfileVersion": 1,
  "dependencies": {
    "@angular/animations": {
      "version": "6.1.3",
      "resolved": "https://registry.npmjs.org/@angular/animations/-/animations-6.1.3.tgz",
      "integrity": "sha512-uLKq+bdfo+/jLW/C6lkUVsB7m+e8j18MjZGHlphI07jW6KvutX+AXdPUI/RMkkWRjZp11aF727PAQ6y3DyqB+Q==",
      "requires": {
        "tslib": "^1.9.0"
      }
    },
    "@angular/cdk": {
      "version": "6.4.5",
      "resolved": "https://registry.npmjs.org/@angular/cdk/-/cdk-6.4.5.tgz",
      "integrity": "sha512-bbz8lHzY1NXPqrvHcZTOOD6+BiDNPKXC00xwzls62NPmiueBaWGwQdk7s3sa/0kCyq1ZKrPD3KQIDMyytxlzzw==",
      "requires": {
        "tslib": "^1.7.1"
      }
    },
    "@angular/material": {
      "version": "6.4.5",
      "resolved": "https://registry.npmjs.org/@angular/material/-/material-6.4.5.tgz",
      "integrity": "sha512-3wDRfGqlRSo3CBA1XuPXSz7zAwZF5kotXEgbZhIAocv+nsXa73DyPNceAQ++Pu7rFR3ipg6McyggP0OCOgv7NQ==",
      "requires": {
        "parse5": "^5.0.0",
        "tslib": "^1.7.1"
      }
    },
    "hammerjs": {
      "version": "2.0.8",
      "resolved": "https://registry.npmjs.org/hammerjs/-/hammerjs-2.0.8.tgz",
      "integrity": "sha1-BO93hiz/K7edMPdpIJWTAiK/YPE="
    },
    "parse5": {
      "version": "5.1.0",
      "resolved": "https://registry.npmjs.org/parse5/-/parse5-5.1.0.tgz",
      "integrity": "sha512-fxNG2sQjHvlVAYmzBZS9YlDp6PTSSDwa98vkD4QgVDDCAo84z5X1t5XyJQ62ImdLXx5NdIIfihey6xpum9/gRQ=="
    },
    "tslib": {
      "version": "1.9.3",
      "resolved": "https://registry.npmjs.org/tslib/-/tslib-1.9.3.tgz",
      "integrity": "sha512-4krF8scpejhaOgqzBEcGM7yDIEfi0/8+8zDRZhNZZ2kjmHJ4hv3zCbQWxoJGz1iw5U0Jl0nma13xzHXcncMavQ=="
    }
  }
}
